// !$*UTF8*$!
{
	archiveVersion = 1;
	classes = {
	};
	objectVersion = 46;
	objects = {

/* Begin PBXBuildFile section */
		709A1CEF1EF845BF00665419 /* AppDelegate.swift in Sources */ = {isa = PBXBuildFile; fileRef = 709A1CEE1EF845BF00665419 /* AppDelegate.swift */; };
		709A1CF11EF845BF00665419 /* ViewController.swift in Sources */ = {isa = PBXBuildFile; fileRef = 709A1CF01EF845BF00665419 /* ViewController.swift */; };
		709A1CF41EF845BF00665419 /* Main.storyboard in Resources */ = {isa = PBXBuildFile; fileRef = 709A1CF21EF845BF00665419 /* Main.storyboard */; };
		709A1CF61EF845BF00665419 /* Assets.xcassets in Resources */ = {isa = PBXBuildFile; fileRef = 709A1CF51EF845BF00665419 /* Assets.xcassets */; };
		709A1CF91EF845BF00665419 /* LaunchScreen.storyboard in Resources */ = {isa = PBXBuildFile; fileRef = 709A1CF71EF845BF00665419 /* LaunchScreen.storyboard */; };
		709A1D041EF845BF00665419 /* College_Profile_BuilderTests.swift in Sources */ = {isa = PBXBuildFile; fileRef = 709A1D031EF845BF00665419 /* College_Profile_BuilderTests.swift */; };
		709A1D0F1EF845BF00665419 /* College_Profile_BuilderUITests.swift in Sources */ = {isa = PBXBuildFile; fileRef = 709A1D0E1EF845BF00665419 /* College_Profile_BuilderUITests.swift */; };
/* End PBXBuildFile section */

/* Begin PBXContainerItemProxy section */
		709A1D001EF845BF00665419 /* PBXContainerItemProxy */ = {
			isa = PBXContainerItemProxy;
			containerPortal = 709A1CE31EF845BF00665419 /* Project object */;
			proxyType = 1;
			remoteGlobalIDString = 709A1CEA1EF845BF00665419;
			remoteInfo = "College Profile Builder";
		};
		709A1D0B1EF845BF00665419 /* PBXContainerItemProxy */ = {
			isa = PBXContainerItemProxy;
			containerPortal = 709A1CE31EF845BF00665419 /* Project object */;
			proxyType = 1;
			remoteGlobalIDString = 709A1CEA1EF845BF00665419;
			remoteInfo = "College Profile Builder";
		};
/* End PBXContainerItemProxy section */

/* Begin PBXFileReference section */
		709A1CEB1EF845BF00665419 /* College Profile Builder.app */ = {isa = PBXFileReference; explicitFileType = wrapper.application; includeInIndex = 0; path = "College Profile Builder.app"; sourceTree = BUILT_PRODUCTS_DIR; };
		709A1CEE1EF845BF00665419 /* AppDelegate.swift */ = {isa = PBXFileReference; lastKnownFileType = sourcecode.swift; path = AppDelegate.swift; sourceTree = "<group>"; };
		709A1CF01EF845BF00665419 /* ViewController.swift */ = {isa = PBXFileReference; lastKnownFileType = sourcecode.swift; path = ViewController.swift; sourceTree = "<group>"; };
		709A1CF31EF845BF00665419 /* Base */ = {isa = PBXFileReference; lastKnownFileType = file.storyboard; name = Base; path = Base.lproj/Main.storyboard; sourceTree = "<group>"; };
		709A1CF51EF845BF00665419 /* Assets.xcassets */ = {isa = PBXFileReference; lastKnownFileType = folder.assetcatalog; path = Assets.xcassets; sourceTree = "<group>"; };
		709A1CF81EF845BF00665419 /* Base */ = {isa = PBXFileReference; lastKnownFileType = file.storyboard; name = Base; path = Base.lproj/LaunchScreen.storyboard; sourceTree = "<group>"; };
		709A1CFA1EF845BF00665419 /* Info.plist */ = {isa = PBXFileReference; lastKnownFileType = text.plist.xml; path = Info.plist; sourceTree = "<group>"; };
		709A1CFF1EF845BF00665419 /* College Profile BuilderTests.xctest */ = {isa = PBXFileReference; explicitFileType = wrapper.cfbundle; includeInIndex = 0; path = "College Profile BuilderTests.xctest"; sourceTree = BUILT_PRODUCTS_DIR; };
		709A1D031EF845BF00665419 /* College_Profile_BuilderTests.swift */ = {isa = PBXFileReference; lastKnownFileType = sourcecode.swift; path = College_Profile_BuilderTests.swift; sourceTree = "<group>"; };
		709A1D051EF845BF00665419 /* Info.plist */ = {isa = PBXFileReference; lastKnownFileType = text.plist.xml; path = Info.plist; sourceTree = "<group>"; };
		709A1D0A1EF845BF00665419 /* College Profile BuilderUITests.xctest */ = {isa = PBXFileReference; explicitFileType = wrapper.cfbundle; includeInIndex = 0; path = "College Profile BuilderUITests.xctest"; sourceTree = BUILT_PRODUCTS_DIR; };
		709A1D0E1EF845BF00665419 /* College_Profile_BuilderUITests.swift */ = {isa = PBXFileReference; lastKnownFileType = sourcecode.swift; path = College_Profile_BuilderUITests.swift; sourceTree = "<group>"; };
		709A1D101EF845BF00665419 /* Info.plist */ = {isa = PBXFileReference; lastKnownFileType = text.plist.xml; path = Info.plist; sourceTree = "<group>"; };
/* End PBXFileReference section */

/* Begin PBXFrameworksBuildPhase section */
		709A1CE81EF845BF00665419 /* Frameworks */ = {
			isa = PBXFrameworksBuildPhase;
			buildActionMask = 2147483647;
			files = (
			);
			runOnlyForDeploymentPostprocessing = 0;
		};
		709A1CFC1EF845BF00665419 /* Frameworks */ = {
			isa = PBXFrameworksBuildPhase;
			buildActionMask = 2147483647;
			files = (
			);
			runOnlyForDeploymentPostprocessing = 0;
		};
		709A1D071EF845BF00665419 /* Frameworks */ = {
			isa = PBXFrameworksBuildPhase;
			buildActionMask = 2147483647;
			files = (
			);
			runOnlyForDeploymentPostprocessing = 0;
		};
/* End PBXFrameworksBuildPhase section */

/* Begin PBXGroup section */
		709A1CE21EF845BF00665419 = {
			isa = PBXGroup;
			children = (
				709A1CED1EF845BF00665419 /* College Profile Builder */,
				709A1D021EF845BF00665419 /* College Profile BuilderTests */,
				709A1D0D1EF845BF00665419 /* College Profile BuilderUITests */,
				709A1CEC1EF845BF00665419 /* Products */,
			);
			sourceTree = "<group>";
		};
		709A1CEC1EF845BF00665419 /* Products */ = {
			isa = PBXGroup;
			children = (
				709A1CEB1EF845BF00665419 /* College Profile Builder.app */,
				709A1CFF1EF845BF00665419 /* College Profile BuilderTests.xctest */,
				709A1D0A1EF845BF00665419 /* College Profile BuilderUITests.xctest */,
			);
			name = Products;
			sourceTree = "<group>";
		};
		709A1CED1EF845BF00665419 /* College Profile Builder */ = {
			isa = PBXGroup;
			children = (
				709A1CEE1EF845BF00665419 /* AppDelegate.swift */,
				709A1CF01EF845BF00665419 /* ViewController.swift */,
				709A1CF21EF845BF00665419 /* Main.storyboard */,
				709A1CF51EF845BF00665419 /* Assets.xcassets */,
				709A1CF71EF845BF00665419 /* LaunchScreen.storyboard */,
				709A1CFA1EF845BF00665419 /* Info.plist */,
			);
			path = "College Profile Builder";
			sourceTree = "<group>";
		};
		709A1D021EF845BF00665419 /* College Profile BuilderTests */ = {
			isa = PBXGroup;
			children = (
				709A1D031EF845BF00665419 /* College_Profile_BuilderTests.swift */,
				709A1D051EF845BF00665419 /* Info.plist */,
			);
			path = "College Profile BuilderTests";
			sourceTree = "<group>";
		};
		709A1D0D1EF845BF00665419 /* College Profile BuilderUITests */ = {
			isa = PBXGroup;
			children = (
				709A1D0E1EF845BF00665419 /* College_Profile_BuilderUITests.swift */,
				709A1D101EF845BF00665419 /* Info.plist */,
			);
			path = "College Profile BuilderUITests";
			sourceTree = "<group>";
		};
/* End PBXGroup section */

/* Begin PBXNativeTarget section */
		709A1CEA1EF845BF00665419 /* College Profile Builder */ = {
			isa = PBXNativeTarget;
			buildConfigurationList = 709A1D131EF845BF00665419 /* Build configuration list for PBXNativeTarget "College Profile Builder" */;
			buildPhases = (
				709A1CE71EF845BF00665419 /* Sources */,
				709A1CE81EF845BF00665419 /* Frameworks */,
				709A1CE91EF845BF00665419 /* Resources */,
			);
			buildRules = (
			);
			dependencies = (
			);
			name = "College Profile Builder";
			productName = "College Profile Builder";
			productReference = 709A1CEB1EF845BF00665419 /* College Profile Builder.app */;
			productType = "com.apple.product-type.application";
		};
		709A1CFE1EF845BF00665419 /* College Profile BuilderTests */ = {
			isa = PBXNativeTarget;
			buildConfigurationList = 709A1D161EF845BF00665419 /* Build configuration list for PBXNativeTarget "College Profile BuilderTests" */;
			buildPhases = (
				709A1CFB1EF845BF00665419 /* Sources */,
				709A1CFC1EF845BF00665419 /* Frameworks */,
				709A1CFD1EF845BF00665419 /* Resources */,
			);
			buildRules = (
			);
			dependencies = (
				709A1D011EF845BF00665419 /* PBXTargetDependency */,
			);
			name = "College Profile BuilderTests";
			productName = "College Profile BuilderTests";
			productReference = 709A1CFF1EF845BF00665419 /* College Profile BuilderTests.xctest */;
			productType = "com.apple.product-type.bundle.unit-test";
		};
		709A1D091EF845BF00665419 /* College Profile BuilderUITests */ = {
			isa = PBXNativeTarget;
			buildConfigurationList = 709A1D191EF845BF00665419 /* Build configuration list for PBXNativeTarget "College Profile BuilderUITests" */;
			buildPhases = (
				709A1D061EF845BF00665419 /* Sources */,
				709A1D071EF845BF00665419 /* Frameworks */,
				709A1D081EF845BF00665419 /* Resources */,
			);
			buildRules = (
			);
			dependencies = (
				709A1D0C1EF845BF00665419 /* PBXTargetDependency */,
			);
			name = "College Profile BuilderUITests";
			productName = "College Profile BuilderUITests";
			productReference = 709A1D0A1EF845BF00665419 /* College Profile BuilderUITests.xctest */;
			productType = "com.apple.product-type.bundle.ui-testing";
		};
/* End PBXNativeTarget section */

/* Begin PBXProject section */
		709A1CE31EF845BF00665419 /* Project object */ = {
			isa = PBXProject;
			attributes = {
				LastSwiftUpdateCheck = 0830;
				LastUpgradeCheck = 0830;
				ORGANIZATIONNAME = Nebula;
				TargetAttributes = {
					709A1CEA1EF845BF00665419 = {
						CreatedOnToolsVersion = 8.3.3;
						ProvisioningStyle = Automatic;
					};
					709A1CFE1EF845BF00665419 = {
						CreatedOnToolsVersion = 8.3.3;
						ProvisioningStyle = Automatic;
						TestTargetID = 709A1CEA1EF845BF00665419;
					};
					709A1D091EF845BF00665419 = {
						CreatedOnToolsVersion = 8.3.3;
						ProvisioningStyle = Automatic;
						TestTargetID = 709A1CEA1EF845BF00665419;
					};
				};
			};
			buildConfigurationList = 709A1CE61EF845BF00665419 /* Build configuration list for PBXProject "College Profile Builder" */;
			compatibilityVersion = "Xcode 3.2";
			developmentRegion = English;
			hasScannedForEncodings = 0;
			knownRegions = (
				en,
				Base,
			);
			mainGroup = 709A1CE21EF845BF00665419;
			productRefGroup = 709A1CEC1EF845BF00665419 /* Products */;
			projectDirPath = "";
			projectRoot = "";
			targets = (
				709A1CEA1EF845BF00665419 /* College Profile Builder */,
				709A1CFE1EF845BF00665419 /* College Profile BuilderTests */,
				709A1D091EF845BF00665419 /* College Profile BuilderUITests */,
			);
		};
/* End PBXProject section */

/* Begin PBXResourcesBuildPhase section */
		709A1CE91EF845BF00665419 /* Resources */ = {
			isa = PBXResourcesBuildPhase;
			buildActionMask = 2147483647;
			files = (
				709A1CF91EF845BF00665419 /* LaunchScreen.storyboard in Resources */,
				709A1CF61EF845BF00665419 /* Assets.xcassets in Resources */,
				709A1CF41EF845BF00665419 /* Main.storyboard in Resources */,
			);
			runOnlyForDeploymentPostprocessing = 0;
		};
		709A1CFD1EF845BF00665419 /* Resources */ = {
			isa = PBXResourcesBuildPhase;
			buildActionMask = 2147483647;
			files = (
			);
			runOnlyForDeploymentPostprocessing = 0;
		};
		709A1D081EF845BF00665419 /* Resources */ = {
			isa = PBXResourcesBuildPhase;
			buildActionMask = 2147483647;
			files = (
			);
			runOnlyForDeploymentPostprocessing = 0;
		};
/* End PBXResourcesBuildPhase section */

/* Begin PBXSourcesBuildPhase section */
		709A1CE71EF845BF00665419 /* Sources */ = {
			isa = PBXSourcesBuildPhase;
			buildActionMask = 2147483647;
			files = (
				709A1CF11EF845BF00665419 /* ViewController.swift in Sources */,
				709A1CEF1EF845BF00665419 /* AppDelegate.swift in Sources */,
			);
			runOnlyForDeploymentPostprocessing = 0;
		};
		709A1CFB1EF845BF00665419 /* Sources */ = {
			isa = PBXSourcesBuildPhase;
			buildActionMask = 2147483647;
			files = (
				709A1D041EF845BF00665419 /* College_Profile_BuilderTests.swift in Sources */,
			);
			runOnlyForDeploymentPostprocessing = 0;
		};
		709A1D061EF845BF00665419 /* Sources */ = {
			isa = PBXSourcesBuildPhase;
			buildActionMask = 2147483647;
			files = (
				709A1D0F1EF845BF00665419 /* College_Profile_BuilderUITests.swift in Sources */,
			);
			runOnlyForDeploymentPostprocessing = 0;
		};
/* End PBXSourcesBuildPhase section */

/* Begin PBXTargetDependency section */
		709A1D011EF845BF00665419 /* PBXTargetDependency */ = {
			isa = PBXTargetDependency;
			target = 709A1CEA1EF845BF00665419 /* College Profile Builder */;
			targetProxy = 709A1D001EF845BF00665419 /* PBXContainerItemProxy */;
		};
		709A1D0C1EF845BF00665419 /* PBXTargetDependency */ = {
			isa = PBXTargetDependency;
			target = 709A1CEA1EF845BF00665419 /* College Profile Builder */;
			targetProxy = 709A1D0B1EF845BF00665419 /* PBXContainerItemProxy */;
		};
/* End PBXTargetDependency section */

/* Begin PBXVariantGroup section */
		709A1CF21EF845BF00665419 /* Main.storyboard */ = {
			isa = PBXVariantGroup;
			children = (
				709A1CF31EF845BF00665419 /* Base */,
			);
			name = Main.storyboard;
			sourceTree = "<group>";
		};
		709A1CF71EF845BF00665419 /* LaunchScreen.storyboard */ = {
			isa = PBXVariantGroup;
			children = (
				709A1CF81EF845BF00665419 /* Base */,
			);
			name = LaunchScreen.storyboard;
			sourceTree = "<group>";
		};
/* End PBXVariantGroup section */

/* Begin XCBuildConfiguration section */
		709A1D111EF845BF00665419 /* Debug */ = {
			isa = XCBuildConfiguration;
			buildSettings = {
				ALWAYS_SEARCH_USER_PATHS = NO;
				CLANG_ANALYZER_NONNULL = YES;
				CLANG_ANALYZER_NUMBER_OBJECT_CONVERSION = YES_AGGRESSIVE;
				CLANG_CXX_LANGUAGE_STANDARD = "gnu++0x";
				CLANG_CXX_LIBRARY = "libc++";
				CLANG_ENABLE_MODULES = YES;
				CLANG_ENABLE_OBJC_ARC = YES;
				CLANG_WARN_BOOL_CONVERSION = YES;
				CLANG_WARN_CONSTANT_CONVERSION = YES;
				CLANG_WARN_DIRECT_OBJC_ISA_USAGE = YES_ERROR;
				CLANG_WARN_DOCUMENTATION_COMMENTS = YES;
				CLANG_WARN_EMPTY_BODY = YES;
				CLANG_WARN_ENUM_CONVERSION = YES;
				CLANG_WARN_INFINITE_RECURSION = YES;
				CLANG_WARN_INT_CONVERSION = YES;
				CLANG_WARN_OBJC_ROOT_CLASS = YES_ERROR;
				CLANG_WARN_SUSPICIOUS_MOVE = YES;
				CLANG_WARN_UNREACHABLE_CODE = YES;
				CLANG_WARN__DUPLICATE_METHOD_MATCH = YES;
				"CODE_SIGN_IDENTITY[sdk=iphoneos*]" = "iPhone Developer";
				COPY_PHASE_STRIP = NO;
				DEBUG_INFORMATION_FORMAT = dwarf;
				ENABLE_STRICT_OBJC_MSGSEND = YES;
				ENABLE_TESTABILITY = YES;
				GCC_C_LANGUAGE_STANDARD = gnu99;
				GCC_DYNAMIC_NO_PIC = NO;
				GCC_NO_COMMON_BLOCKS = YES;
				GCC_OPTIMIZATION_LEVEL = 0;
				GCC_PREPROCESSOR_DEFINITIONS = (
					"DEBUG=1",
					"$(inherited)",
				);
				GCC_WARN_64_TO_32_BIT_CONVERSION = YES;
				GCC_WARN_ABOUT_RETURN_TYPE = YES_ERROR;
				GCC_WARN_UNDECLARED_SELECTOR = YES;
				GCC_WARN_UNINITIALIZED_AUTOS = YES_AGGRESSIVE;
				GCC_WARN_UNUSED_FUNCTION = YES;
				GCC_WARN_UNUSED_VARIABLE = YES;
				IPHONEOS_DEPLOYMENT_TARGET = 10.3;
				MTL_ENABLE_DEBUG_INFO = YES;
				ONLY_ACTIVE_ARCH = YES;
				SDKROOT = iphoneos;
				SWIFT_ACTIVE_COMPILATION_CONDITIONS = DEBUG;
				SWIFT_OPTIMIZATION_LEVEL = "-Onone";
				TARGETED_DEVICE_FAMILY = "1,2";
			};
			name = Debug;
		};
		709A1D121EF845BF00665419 /* Release */ = {
			isa = XCBuildConfiguration;
			buildSettings = {
				ALWAYS_SEARCH_USER_PATHS = NO;
				CLANG_ANALYZER_NONNULL = YES;
				CLANG_ANALYZER_NUMBER_OBJECT_CONVERSION = YES_AGGRESSIVE;
				CLANG_CXX_LANGUAGE_STANDARD = "gnu++0x";
				CLANG_CXX_LIBRARY = "libc++";
				CLANG_ENABLE_MODULES = YES;
				CLANG_ENABLE_OBJC_ARC = YES;
				CLANG_WARN_BOOL_CONVERSION = YES;
				CLANG_WARN_CONSTANT_CONVERSION = YES;
				CLANG_WARN_DIRECT_OBJC_ISA_USAGE = YES_ERROR;
				CLANG_WARN_DOCUMENTATION_COMMENTS = YES;
				CLANG_WARN_EMPTY_BODY = YES;
				CLANG_WARN_ENUM_CONVERSION = YES;
				CLANG_WARN_INFINITE_RECURSION = YES;
				CLANG_WARN_INT_CONVERSION = YES;
				CLANG_WARN_OBJC_ROOT_CLASS = YES_ERROR;
				CLANG_WARN_SUSPICIOUS_MOVE = YES;
				CLANG_WARN_UNREACHABLE_CODE = YES;
				CLANG_WARN__DUPLICATE_METHOD_MATCH = YES;
				"CODE_SIGN_IDENTITY[sdk=iphoneos*]" = "iPhone Developer";
				COPY_PHASE_STRIP = NO;
				DEBUG_INFORMATION_FORMAT = "dwarf-with-dsym";
				ENABLE_NS_ASSERTIONS = NO;
				ENABLE_STRICT_OBJC_MSGSEND = YES;
				GCC_C_LANGUAGE_STANDARD = gnu99;
				GCC_NO_COMMON_BLOCKS = YES;
				GCC_WARN_64_TO_32_BIT_CONVERSION = YES;
				GCC_WARN_ABOUT_RETURN_TYPE = YES_ERROR;
				GCC_WARN_UNDECLARED_SELECTOR = YES;
				GCC_WARN_UNINITIALIZED_AUTOS = YES_AGGRESSIVE;
				GCC_WARN_UNUSED_FUNCTION = YES;
				GCC_WARN_UNUSED_VARIABLE = YES;
				IPHONEOS_DEPLOYMENT_TARGET = 10.3;
				MTL_ENABLE_DEBUG_INFO = NO;
				SDKROOT = iphoneos;
				SWIFT_OPTIMIZATION_LEVEL = "-Owholemodule";
				TARGETED_DEVICE_FAMILY = "1,2";
				VALIDATE_PRODUCT = YES;
			};
			name = Release;
		};
		709A1D141EF845BF00665419 /* Debug */ = {
			isa = XCBuildConfiguration;
			buildSettings = {
				ASSETCATALOG_COMPILER_APPICON_NAME = AppIcon;
				INFOPLIST_FILE = "College Profile Builder/Info.plist";
				LD_RUNPATH_SEARCH_PATHS = "$(inherited) @executable_path/Frameworks";
				PRODUCT_BUNDLE_IDENTIFIER = "Nebula.College-Profile-Builder";
				PRODUCT_NAME = "$(TARGET_NAME)";
				SWIFT_VERSION = 3.0;
			};
			name = Debug;
		};
		709A1D151EF845BF00665419 /* Release */ = {
			isa = XCBuildConfiguration;
			buildSettings = {
				ASSETCATALOG_COMPILER_APPICON_NAME = AppIcon;
				INFOPLIST_FILE = "College Profile Builder/Info.plist";
				LD_RUNPATH_SEARCH_PATHS = "$(inherited) @executable_path/Frameworks";
				PRODUCT_BUNDLE_IDENTIFIER = "Nebula.College-Profile-Builder";
				PRODUCT_NAME = "$(TARGET_NAME)";
				SWIFT_VERSION = 3.0;
			};
			name = Release;
		};
		709A1D171EF845BF00665419 /* Debug */ = {
			isa = XCBuildConfiguration;
			buildSettings = {
				ALWAYS_EMBED_SWIFT_STANDARD_LIBRARIES = YES;
				BUNDLE_LOADER = "$(TEST_HOST)";
				INFOPLIST_FILE = "College Profile BuilderTests/Info.plist";
				LD_RUNPATH_SEARCH_PATHS = "$(inherited) @executable_path/Frameworks @loader_path/Frameworks";
				PRODUCT_BUNDLE_IDENTIFIER = "Nebula.College-Profile-BuilderTests";
				PRODUCT_NAME = "$(TARGET_NAME)";
				SWIFT_VERSION = 3.0;
				TEST_HOST = "$(BUILT_PRODUCTS_DIR)/College Profile Builder.app/College Profile Builder";
			};
			name = Debug;
		};
		709A1D181EF845BF00665419 /* Release */ = {
			isa = XCBuildConfiguration;
			buildSettings = {
				ALWAYS_EMBED_SWIFT_STANDARD_LIBRARIES = YES;
				BUNDLE_LOADER = "$(TEST_HOST)";
				INFOPLIST_FILE = "College Profile BuilderTests/Info.plist";
				LD_RUNPATH_SEARCH_PATHS = "$(inherited) @executable_path/Frameworks @loader_path/Frameworks";
				PRODUCT_BUNDLE_IDENTIFIER = "Nebula.College-Profile-BuilderTests";
				PRODUCT_NAME = "$(TARGET_NAME)";
				SWIFT_VERSION = 3.0;
				TEST_HOST = "$(BUILT_PRODUCTS_DIR)/College Profile Builder.app/College Profile Builder";
			};
			name = Release;
		};
		709A1D1A1EF845BF00665419 /* Debug */ = {
			isa = XCBuildConfiguration;
			buildSettings = {
				ALWAYS_EMBED_SWIFT_STANDARD_LIBRARIES = YES;
				INFOPLIST_FILE = "College Profile BuilderUITests/Info.plist";
				LD_RUNPATH_SEARCH_PATHS = "$(inherited) @executable_path/Frameworks @loader_path/Frameworks";
				PRODUCT_BUNDLE_IDENTIFIER = "Nebula.College-Profile-BuilderUITests";
				PRODUCT_NAME = "$(TARGET_NAME)";
				SWIFT_VERSION = 3.0;
				TEST_TARGET_NAME = "College Profile Builder";
			};
			name = Debug;
		};
		709A1D1B1EF845BF00665419 /* Release */ = {
			isa = XCBuildConfiguration;
			buildSettings = {
				ALWAYS_EMBED_SWIFT_STANDARD_LIBRARIES = YES;
				INFOPLIST_FILE = "College Profile BuilderUITests/Info.plist";
				LD_RUNPATH_SEARCH_PATHS = "$(inherited) @executable_path/Frameworks @loader_path/Frameworks";
				PRODUCT_BUNDLE_IDENTIFIER = "Nebula.College-Profile-BuilderUITests";
				PRODUCT_NAME = "$(TARGET_NAME)";
				SWIFT_VERSION = 3.0;
				TEST_TARGET_NAME = "College Profile Builder";
			};
			name = Release;
		};
/* End XCBuildConfiguration section */

/* Begin XCConfigurationList section */
		709A1CE61EF845BF00665419 /* Build configuration list for PBXProject "College Profile Builder" */ = {
			isa = XCConfigurationList;
			buildConfigurations = (
				709A1D111EF845BF00665419 /* Debug */,
				709A1D121EF845BF00665419 /* Release */,
			);
			defaultConfigurationIsVisible = 0;
			defaultConfigurationName = Release;
		};
		709A1D131EF845BF00665419 /* Build configuration list for PBXNativeTarget "College Profile Builder" */ = {
			isa = XCConfigurationList;
			buildConfigurations = (
				709A1D141EF845BF00665419 /* Debug */,
				709A1D151EF845BF00665419 /* Release */,
			);
			defaultConfigurationIsVisible = 0;
		};
		709A1D161EF845BF00665419 /* Build configuration list for PBXNativeTarget "College Profile BuilderTests" */ = {
			isa = XCConfigurationList;
			buildConfigurations = (
				709A1D171EF845BF00665419 /* Debug */,
				709A1D181EF845BF00665419 /* Release */,
			);
			defaultConfigurationIsVisible = 0;
		};
		709A1D191EF845BF00665419 /* Build configuration list for PBXNativeTarget "College Profile BuilderUITests" */ = {
			isa = XCConfigurationList;
			buildConfigurations = (
				709A1D1A1EF845BF00665419 /* Debug */,
				709A1D1B1EF845BF00665419 /* Release */,
			);
			defaultConfigurationIsVisible = 0;
		};
/* End XCConfigurationList section */
	};
	rootObject = 709A1CE31EF845BF00665419 /* Project object */;
}
